<?xml version="1.0" encoding="utf-8"?>
<Project ToolsVersion="4.0" xmlns="http://schemas.microsoft.com/developer/msbuild/2003">
  <ItemGroup>
    <ClCompile Include="jni\main.cpp">
      <Filter>jni</Filter>
    </ClCompile>
    <ClCompile Include="jni\android_native_app_glue.c">
      <Filter>jni</Filter>
    </ClCompile>
    <ClCompile Include="jni\shader_utils.c">
      <Filter>jni</Filter>
    </ClCompile>
  </ItemGroup>
  <ItemGroup>
    <None Include="jni\Android.mk">
      <Filter>jni</Filter>
    </None>
    <None Include="jni\Application.mk">
      <Filter>jni</Filter>
    </None>
  </ItemGroup>
  <ItemGroup>
    <Filter Include="jni">
      <UniqueIdentifier>{e46f44cd-7e51-4c7c-b9bf-7d84f4ad9f78}</UniqueIdentifier>
    </Filter>
    <Filter Include="res">
      <UniqueIdentifier>{b861c089-d80f-4f66-b32f-3f0234a6637d}</UniqueIdentifier>
    </Filter>
    <Filter Include="res\drawable-hdpi">
      <UniqueIdentifier>{d26902aa-1616-4ec5-8a3c-b7597cc93eae}</UniqueIdentifier>
    </Filter>
    <Filter Include="res\drawable-mdpi">
      <UniqueIdentifier>{3358b200-0efe-40c4-9576-1ac140941075}</UniqueIdentifier>
    </Filter>
    <Filter Include="res\drawable-xhdpi">
      <UniqueIdentifier>{958fc423-ec3f-4dd1-940e-4b6f86ce85d4}</UniqueIdentifier>
    </Filter>
    <Filter Include="res\drawable-xxhdpi">
      <UniqueIdentifier>{01c726d9-a2f4-4576-ab89-2b54f991a87f}</UniqueIdentifier>
    </Filter>
  </ItemGroup>
  <ItemGroup>
    <Xml Include="AndroidManifest.xml" />
  </ItemGroup>
  <ItemGroup>
    <Image Include="res\drawable-hdpi\icon.png">
      <Filter>res\drawable-hdpi</Filter>
    </Image>
    <Image Include="res\drawable-mdpi\icon.png">
      <Filter>res\drawable-mdpi</Filter>
    </Image>
    <Image Include="res\drawable-xhdpi\icon.png">
      <Filter>res\drawable-xhdpi</Filter>
    </Image>
    <Image Include="res\drawable-xxhdpi\icon.png">
      <Filter>res\drawable-xxhdpi</Filter>
    </Image>
  </ItemGroup>
  <ItemGroup>
    <ClInclude Include="jni\android_native_app_glue.h">
      <Filter>jni</Filter>
    </ClInclude>
    <ClInclude Include="jni\shader_utils.h">
      <Filter>jni</Filter>
    </ClInclude>
    <ClInclude Include="jni\log.h">
      <Filter>jni</Filter>
    </ClInclude>
  </ItemGroup>
</Project>